{
  "name": "fem-complete-intro-to-react-v5-adopt-me",
  "version": "0.0.1",
  "lockfileVersion": 1,
  "requires": true,
  "dependencies": {
    "prettier": {
      "version": "1.18.2",
      "resolved": "https://remine.jfrog.io/remine/api/npm/npm/prettier/-/prettier-1.18.2.tgz",
      "integrity": "sha1-aCPnxZAAF7S9Os9G/prEtNe9qeo=",
      "dev": true
    }
  }
}
